
Microsoft Visual Studio Solution File, Format Version 12.00
# Visual Studio 2013
VisualStudioVersion = 12.0.31101.0
MinimumVisualStudioVersion = 10.0.40219.1
Project("{FAE04EC0-301F-11D3-BF4B-00C04F79EFBC}") = "MGCodeTest.console", "MGCodeTest\MGCodeTest.console.csproj", "{7E23D68A-F241-43E9-B4AA-33ED49714F02}"
EndProject
Project("{FAE04EC0-301F-11D3-BF4B-00C04F79EFBC}") = "MGCodeTest.FundLib", "MGCodeTestFundLib\MGCodeTest.FundLib.csproj", "{4A874431-DBC2-4FF9-A4E6-99BD5FC43321}"
EndProject
Project("{FAE04EC0-301F-11D3-BF4B-00C04F79EFBC}") = "MGCodeTest.tests", "MGCodeTest.tests\MGCodeTest.tests.csproj", "{C87E2184-7E43-46A2-8BC0-9BB9F5CAB49F}"
EndProject
Global
	GlobalSection(SolutionConfigurationPlatforms) = preSolution
		Debug|Any CPU = Debug|Any CPU
		Release|Any CPU = Release|Any CPU
	EndGlobalSection
	GlobalSection(ProjectConfigurationPlatforms) = postSolution
		{7E23D68A-F241-43E9-B4AA-33ED49714F02}.Debug|Any CPU.ActiveCfg = Debug|Any CPU
		{7E23D68A-F241-43E9-B4AA-33ED49714F02}.Debug|Any CPU.Build.0 = Debug|Any CPU
		{7E23D68A-F241-43E9-B4AA-33ED49714F02}.Release|Any CPU.ActiveCfg = Release|Any CPU
		{7E23D68A-F241-43E9-B4AA-33ED49714F02}.Release|Any CPU.Build.0 = Release|Any CPU
		{4A874431-DBC2-4FF9-A4E6-99BD5FC43321}.Debug|Any CPU.ActiveCfg = Debug|Any CPU
		{4A874431-DBC2-4FF9-A4E6-99BD5FC43321}.Debug|Any CPU.Build.0 = Debug|Any CPU
		{4A874431-DBC2-4FF9-A4E6-99BD5FC43321}.Release|Any CPU.ActiveCfg = Release|Any CPU
		{4A874431-DBC2-4FF9-A4E6-99BD5FC43321}.Release|Any CPU.Build.0 = Release|Any CPU
		{C87E2184-7E43-46A2-8BC0-9BB9F5CAB49F}.Debug|Any CPU.ActiveCfg = Debug|Any CPU
		{C87E2184-7E43-46A2-8BC0-9BB9F5CAB49F}.Debug|Any CPU.Build.0 = Debug|Any CPU
		{C87E2184-7E43-46A2-8BC0-9BB9F5CAB49F}.Release|Any CPU.ActiveCfg = Release|Any CPU
		{C87E2184-7E43-46A2-8BC0-9BB9F5CAB49F}.Release|Any CPU.Build.0 = Release|Any CPU
	EndGlobalSection
	GlobalSection(SolutionProperties) = preSolution
		HideSolutionNode = FALSE
	EndGlobalSection
EndGlobal
